
Microsoft Visual Studio Solution File, Format Version 12.00
# Visual Studio Version 17
VisualStudioVersion = 17.5.33414.496
MinimumVisualStudioVersion = 10.0.40219.1
Project("{FAE04EC0-301F-11D3-BF4B-00C04F79EFBC}") = "ex1Dotnet", "ex1Dotnet\ex1Dotnet.csproj", "{E84A14A2-B0D6-4DF3-8A97-BEBAFDD26C17}"
EndProject
Global
	GlobalSection(SolutionConfigurationPlatforms) = preSolution
		Debug|Any CPU = Debug|Any CPU
		Release|Any CPU = Release|Any CPU
	EndGlobalSection
	GlobalSection(ProjectConfigurationPlatforms) = postSolution
		{E84A14A2-B0D6-4DF3-8A97-BEBAFDD26C17}.Debug|Any CPU.ActiveCfg = Debug|Any CPU
		{E84A14A2-B0D6-4DF3-8A97-BEBAFDD26C17}.Debug|Any CPU.Build.0 = Debug|Any CPU
		{E84A14A2-B0D6-4DF3-8A97-BEBAFDD26C17}.Release|Any CPU.ActiveCfg = Release|Any CPU
		{E84A14A2-B0D6-4DF3-8A97-BEBAFDD26C17}.Release|Any CPU.Build.0 = Release|Any CPU
	EndGlobalSection
	GlobalSection(SolutionProperties) = preSolution
		HideSolutionNode = FALSE
	EndGlobalSection
	GlobalSection(ExtensibilityGlobals) = postSolution
		SolutionGuid = {B182EA04-273E-4E2E-B7A9-3AFB3E627699}
	EndGlobalSection
EndGlobal
